
Microsoft Visual Studio Solution File, Format Version 12.00
Project("{FAE04EC0-301F-11D3-BF4B-00C04F79EFBC}") = "To-do-List", "To-do-List \To-do-List.csproj", "{CDDBA869-0494-4B3A-9BB4-7F5E057C2E80}"
EndProject
Global
	GlobalSection(SolutionConfigurationPlatforms) = preSolution
		Debug|Any CPU = Debug|Any CPU
		Release|Any CPU = Release|Any CPU
	EndGlobalSection
	GlobalSection(ProjectConfigurationPlatforms) = postSolution
		{CDDBA869-0494-4B3A-9BB4-7F5E057C2E80}.Debug|Any CPU.ActiveCfg = Debug|Any CPU
		{CDDBA869-0494-4B3A-9BB4-7F5E057C2E80}.Debug|Any CPU.Build.0 = Debug|Any CPU
		{CDDBA869-0494-4B3A-9BB4-7F5E057C2E80}.Release|Any CPU.ActiveCfg = Release|Any CPU
		{CDDBA869-0494-4B3A-9BB4-7F5E057C2E80}.Release|Any CPU.Build.0 = Release|Any CPU
	EndGlobalSection
EndGlobal
